
Microsoft Visual Studio Solution File, Format Version 12.00
# Visual Studio Version 17
VisualStudioVersion = 17.0.31912.275
MinimumVisualStudioVersion = 10.0.40219.1
Project("{FAE04EC0-301F-11D3-BF4B-00C04F79EFBC}") = "ServerMy", "ServerMy\ServerMy.csproj", "{FFF199AC-2BF8-40DF-AF76-F94E022A1E2E}"
EndProject
Global
	GlobalSection(SolutionConfigurationPlatforms) = preSolution
		Debug|Any CPU = Debug|Any CPU
		Release|Any CPU = Release|Any CPU
	EndGlobalSection
	GlobalSection(ProjectConfigurationPlatforms) = postSolution
		{FFF199AC-2BF8-40DF-AF76-F94E022A1E2E}.Debug|Any CPU.ActiveCfg = Debug|Any CPU
		{FFF199AC-2BF8-40DF-AF76-F94E022A1E2E}.Debug|Any CPU.Build.0 = Debug|Any CPU
		{FFF199AC-2BF8-40DF-AF76-F94E022A1E2E}.Release|Any CPU.ActiveCfg = Release|Any CPU
		{FFF199AC-2BF8-40DF-AF76-F94E022A1E2E}.Release|Any CPU.Build.0 = Release|Any CPU
	EndGlobalSection
	GlobalSection(SolutionProperties) = preSolution
		HideSolutionNode = FALSE
	EndGlobalSection
	GlobalSection(ExtensibilityGlobals) = postSolution
		SolutionGuid = {0118839C-2868-4D5D-ABE1-CD5F57951F63}
	EndGlobalSection
EndGlobal
